// !$*UTF8*$!
{
	archiveVersion = 1;
	classes = {
	};
	objectVersion = 46;
	objects = {

/* Begin PBXBuildFile section */
		68B4F1B41C67295B00961F26 /* AppDelegate.swift in Sources */ = {isa = PBXBuildFile; fileRef = 68B4F1B31C67295B00961F26 /* AppDelegate.swift */; };
		68B4F1B61C67295B00961F26 /* ViewController.swift in Sources */ = {isa = PBXBuildFile; fileRef = 68B4F1B51C67295B00961F26 /* ViewController.swift */; };
		68B4F1B91C67295B00961F26 /* Main.storyboard in Resources */ = {isa = PBXBuildFile; fileRef = 68B4F1B71C67295B00961F26 /* Main.storyboard */; };
		68B4F1BB1C67295B00961F26 /* Assets.xcassets in Resources */ = {isa = PBXBuildFile; fileRef = 68B4F1BA1C67295B00961F26 /* Assets.xcassets */; };
		68B4F1BE1C67295B00961F26 /* LaunchScreen.storyboard in Resources */ = {isa = PBXBuildFile; fileRef = 68B4F1BC1C67295B00961F26 /* LaunchScreen.storyboard */; };
/* End PBXBuildFile section */

/* Begin PBXFileReference section */
		68B4F1B01C67295B00961F26 /* testcloudkit.app */ = {isa = PBXFileReference; explicitFileType = wrapper.application; includeInIndex = 0; path = testcloudkit.app; sourceTree = BUILT_PRODUCTS_DIR; };
		68B4F1B31C67295B00961F26 /* AppDelegate.swift */ = {isa = PBXFileReference; lastKnownFileType = sourcecode.swift; path = AppDelegate.swift; sourceTree = "<group>"; };
		68B4F1B51C67295B00961F26 /* ViewController.swift */ = {isa = PBXFileReference; lastKnownFileType = sourcecode.swift; path = ViewController.swift; sourceTree = "<group>"; };
		68B4F1B81C67295B00961F26 /* Base */ = {isa = PBXFileReference; lastKnownFileType = file.storyboard; name = Base; path = Base.lproj/Main.storyboard; sourceTree = "<group>"; };
		68B4F1BA1C67295B00961F26 /* Assets.xcassets */ = {isa = PBXFileReference; lastKnownFileType = folder.assetcatalog; path = Assets.xcassets; sourceTree = "<group>"; };
		68B4F1BD1C67295B00961F26 /* Base */ = {isa = PBXFileReference; lastKnownFileType = file.storyboard; name = Base; path = Base.lproj/LaunchScreen.storyboard; sourceTree = "<group>"; };
		68B4F1BF1C67295B00961F26 /* Info.plist */ = {isa = PBXFileReference; lastKnownFileType = text.plist.xml; path = Info.plist; sourceTree = "<group>"; };
/* End PBXFileReference section */

/* Begin PBXFrameworksBuildPhase section */
		68B4F1AD1C67295B00961F26 /* Frameworks */ = {
			isa = PBXFrameworksBuildPhase;
			buildActionMask = 2147483647;
			files = (
			);
			runOnlyForDeploymentPostprocessing = 0;
		};
/* End PBXFrameworksBuildPhase section */

/* Begin PBXGroup section */
		68B4F1A71C67295B00961F26 = {
			isa = PBXGroup;
			children = (
				68B4F1B21C67295B00961F26 /* testcloudkit */,
				68B4F1B11C67295B00961F26 /* Products */,
			);
			sourceTree = "<group>";
		};
		68B4F1B11C67295B00961F26 /* Products */ = {
			isa = PBXGroup;
			children = (
				68B4F1B01C67295B00961F26 /* testcloudkit.app */,
			);
			name = Products;
			sourceTree = "<group>";
		};
		68B4F1B21C67295B00961F26 /* testcloudkit */ = {
			isa = PBXGroup;
			children = (
				68B4F1B31C67295B00961F26 /* AppDelegate.swift */,
				68B4F1B51C67295B00961F26 /* ViewController.swift */,
				68B4F1B71C67295B00961F26 /* Main.storyboard */,
				68B4F1BA1C67295B00961F26 /* Assets.xcassets */,
				68B4F1BC1C67295B00961F26 /* LaunchScreen.storyboard */,
				68B4F1BF1C67295B00961F26 /* Info.plist */,
			);
			path = testcloudkit;
			sourceTree = "<group>";
		};
/* End PBXGroup section */

/* Begin PBXNativeTarget section */
		68B4F1AF1C67295B00961F26 /* testcloudkit */ = {
			isa = PBXNativeTarget;
			buildConfigurationList = 68B4F1C21C67295B00961F26 /* Build configuration list for PBXNativeTarget "testcloudkit" */;
			buildPhases = (
				68B4F1AC1C67295B00961F26 /* Sources */,
				68B4F1AD1C67295B00961F26 /* Frameworks */,
				68B4F1AE1C67295B00961F26 /* Resources */,
			);
			buildRules = (
			);
			dependencies = (
			);
			name = testcloudkit;
			productName = testcloudkit;
			productReference = 68B4F1B01C67295B00961F26 /* testcloudkit.app */;
			productType = "com.apple.product-type.application";
		};
/* End PBXNativeTarget section */

/* Begin PBXProject section */
		68B4F1A81C67295B00961F26 /* Project object */ = {
			isa = PBXProject;
			attributes = {
				LastSwiftUpdateCheck = 0720;
				LastUpgradeCheck = 0720;
				ORGANIZATIONNAME = "Manisha Parmar";
				TargetAttributes = {
					68B4F1AF1C67295B00961F26 = {
						CreatedOnToolsVersion = 7.2.1;
					};
				};
			};
			buildConfigurationList = 68B4F1AB1C67295B00961F26 /* Build configuration list for PBXProject "testcloudkit" */;
			compatibilityVersion = "Xcode 3.2";
			developmentRegion = English;
			hasScannedForEncodings = 0;
			knownRegions = (
				en,
				Base,
			);
			mainGroup = 68B4F1A71C67295B00961F26;
			productRefGroup = 68B4F1B11C67295B00961F26 /* Products */;
			projectDirPath = "";
			projectRoot = "";
			targets = (
				68B4F1AF1C67295B00961F26 /* testcloudkit */,
			);
		};
/* End PBXProject section */

/* Begin PBXResourcesBuildPhase section */
		68B4F1AE1C67295B00961F26 /* Resources */ = {
			isa = PBXResourcesBuildPhase;
			buildActionMask = 2147483647;
			files = (
				68B4F1BE1C67295B00961F26 /* LaunchScreen.storyboard in Resources */,
				68B4F1BB1C67295B00961F26 /* Assets.xcassets in Resources */,
				68B4F1B91C67295B00961F26 /* Main.storyboard in Resources */,
			);
			runOnlyForDeploymentPostprocessing = 0;
		};
/* End PBXResourcesBuildPhase section */

/* Begin PBXSourcesBuildPhase section */
		68B4F1AC1C67295B00961F26 /* Sources */ = {
			isa = PBXSourcesBuildPhase;
			buildActionMask = 2147483647;
			files = (
				68B4F1B61C67295B00961F26 /* ViewController.swift in Sources */,
				68B4F1B41C67295B00961F26 /* AppDelegate.swift in Sources */,
			);
			runOnlyForDeploymentPostprocessing = 0;
		};
/* End PBXSourcesBuildPhase section */

/* Begin PBXVariantGroup section */
		68B4F1B71C67295B00961F26 /* Main.storyboard */ = {
			isa = PBXVariantGroup;
			children = (
				68B4F1B81C67295B00961F26 /* Base */,
			);
			name = Main.storyboard;
			sourceTree = "<group>";
		};
		68B4F1BC1C67295B00961F26 /* LaunchScreen.storyboard */ = {
			isa = PBXVariantGroup;
			children = (
				68B4F1BD1C67295B00961F26 /* Base */,
			);
			name = LaunchScreen.storyboard;
			sourceTree = "<group>";
		};
/* End PBXVariantGroup section */

/* Begin XCBuildConfiguration section */
		68B4F1C01C67295B00961F26 /* Debug */ = {
			isa = XCBuildConfiguration;
			buildSettings = {
				ALWAYS_SEARCH_USER_PATHS = NO;
				CLANG_CXX_LANGUAGE_STANDARD = "gnu++0x";
				CLANG_CXX_LIBRARY = "libc++";
				CLANG_ENABLE_MODULES = YES;
				CLANG_ENABLE_OBJC_ARC = YES;
				CLANG_WARN_BOOL_CONVERSION = YES;
				CLANG_WARN_CONSTANT_CONVERSION = YES;
				CLANG_WARN_DIRECT_OBJC_ISA_USAGE = YES_ERROR;
				CLANG_WARN_EMPTY_BODY = YES;
				CLANG_WARN_ENUM_CONVERSION = YES;
				CLANG_WARN_INT_CONVERSION = YES;
				CLANG_WARN_OBJC_ROOT_CLASS = YES_ERROR;
				CLANG_WARN_UNREACHABLE_CODE = YES;
				CLANG_WARN__DUPLICATE_METHOD_MATCH = YES;
				"CODE_SIGN_IDENTITY[sdk=iphoneos*]" = "iPhone Developer";
				COPY_PHASE_STRIP = NO;
				DEBUG_INFORMATION_FORMAT = dwarf;
				ENABLE_STRICT_OBJC_MSGSEND = YES;
				ENABLE_TESTABILITY = YES;
				GCC_C_LANGUAGE_STANDARD = gnu99;
				GCC_DYNAMIC_NO_PIC = NO;
				GCC_NO_COMMON_BLOCKS = YES;
				GCC_OPTIMIZATION_LEVEL = 0;
				GCC_PREPROCESSOR_DEFINITIONS = (
					"DEBUG=1",
					"$(inherited)",
				);
				GCC_WARN_64_TO_32_BIT_CONVERSION = YES;
				GCC_WARN_ABOUT_RETURN_TYPE = YES_ERROR;
				GCC_WARN_UNDECLARED_SELECTOR = YES;
				GCC_WARN_UNINITIALIZED_AUTOS = YES_AGGRESSIVE;
				GCC_WARN_UNUSED_FUNCTION = YES;
				GCC_WARN_UNUSED_VARIABLE = YES;
				IPHONEOS_DEPLOYMENT_TARGET = 9.2;
				MTL_ENABLE_DEBUG_INFO = YES;
				ONLY_ACTIVE_ARCH = YES;
				SDKROOT = iphoneos;
				SWIFT_OPTIMIZATION_LEVEL = "-Onone";
			};
			name = Debug;
		};
		68B4F1C11C67295B00961F26 /* Release */ = {
			isa = XCBuildConfiguration;
			buildSettings = {
				ALWAYS_SEARCH_USER_PATHS = NO;
				CLANG_CXX_LANGUAGE_STANDARD = "gnu++0x";
				CLANG_CXX_LIBRARY = "libc++";
				CLANG_ENABLE_MODULES = YES;
				CLANG_ENABLE_OBJC_ARC = YES;
				CLANG_WARN_BOOL_CONVERSION = YES;
				CLANG_WARN_CONSTANT_CONVERSION = YES;
				CLANG_WARN_DIRECT_OBJC_ISA_USAGE = YES_ERROR;
				CLANG_WARN_EMPTY_BODY = YES;
				CLANG_WARN_ENUM_CONVERSION = YES;
				CLANG_WARN_INT_CONVERSION = YES;
				CLANG_WARN_OBJC_ROOT_CLASS = YES_ERROR;
				CLANG_WARN_UNREACHABLE_CODE = YES;
				CLANG_WARN__DUPLICATE_METHOD_MATCH = YES;
				"CODE_SIGN_IDENTITY[sdk=iphoneos*]" = "iPhone Developer";
				COPY_PHASE_STRIP = NO;
				DEBUG_INFORMATION_FORMAT = "dwarf-with-dsym";
				ENABLE_NS_ASSERTIONS = NO;
				ENABLE_STRICT_OBJC_MSGSEND = YES;
				GCC_C_LANGUAGE_STANDARD = gnu99;
				GCC_NO_COMMON_BLOCKS = YES;
				GCC_WARN_64_TO_32_BIT_CONVERSION = YES;
				GCC_WARN_ABOUT_RETURN_TYPE = YES_ERROR;
				GCC_WARN_UNDECLARED_SELECTOR = YES;
				GCC_WARN_UNINITIALIZED_AUTOS = YES_AGGRESSIVE;
				GCC_WARN_UNUSED_FUNCTION = YES;
				GCC_WARN_UNUSED_VARIABLE = YES;
				IPHONEOS_DEPLOYMENT_TARGET = 9.2;
				MTL_ENABLE_DEBUG_INFO = NO;
				SDKROOT = iphoneos;
				VALIDATE_PRODUCT = YES;
			};
			name = Release;
		};
		68B4F1C31C67295B00961F26 /* Debug */ = {
			isa = XCBuildConfiguration;
			buildSettings = {
				ASSETCATALOG_COMPILER_APPICON_NAME = AppIcon;
				INFOPLIST_FILE = testcloudkit/Info.plist;
				LD_RUNPATH_SEARCH_PATHS = "$(inherited) @executable_path/Frameworks";
				PRODUCT_BUNDLE_IDENTIFIER = com.appgator.cloudkit.testcloudkit;
				PRODUCT_NAME = "$(TARGET_NAME)";
			};
			name = Debug;
		};
		68B4F1C41C67295B00961F26 /* Release */ = {
			isa = XCBuildConfiguration;
			buildSettings = {
				ASSETCATALOG_COMPILER_APPICON_NAME = AppIcon;
				INFOPLIST_FILE = testcloudkit/Info.plist;
				LD_RUNPATH_SEARCH_PATHS = "$(inherited) @executable_path/Frameworks";
				PRODUCT_BUNDLE_IDENTIFIER = com.appgator.cloudkit.testcloudkit;
				PRODUCT_NAME = "$(TARGET_NAME)";
			};
			name = Release;
		};
/* End XCBuildConfiguration section */

/* Begin XCConfigurationList section */
		68B4F1AB1C67295B00961F26 /* Build configuration list for PBXProject "testcloudkit" */ = {
			isa = XCConfigurationList;
			buildConfigurations = (
				68B4F1C01C67295B00961F26 /* Debug */,
				68B4F1C11C67295B00961F26 /* Release */,
			);
			defaultConfigurationIsVisible = 0;
			defaultConfigurationName = Release;
		};
		68B4F1C21C67295B00961F26 /* Build configuration list for PBXNativeTarget "testcloudkit" */ = {
			isa = XCConfigurationList;
			buildConfigurations = (
				68B4F1C31C67295B00961F26 /* Debug */,
				68B4F1C41C67295B00961F26 /* Release */,
			);
			defaultConfigurationIsVisible = 0;
		};
/* End XCConfigurationList section */
	};
	rootObject = 68B4F1A81C67295B00961F26 /* Project object */;
}
